
Microsoft Visual Studio Solution File, Format Version 12.00
# Visual Studio Version 17
VisualStudioVersion = 17.3.32929.385
MinimumVisualStudioVersion = 10.0.40219.1
Project("{FAE04EC0-301F-11D3-BF4B-00C04F79EFBC}") = "VirtualPetSimulator", "VirtualPetSimulator.csproj", "{EF220BBE-345F-4B5D-9CC6-8536E133DDE1}"
EndProject
Global
	GlobalSection(SolutionConfigurationPlatforms) = preSolution
		Debug|Any CPU = Debug|Any CPU
		Release|Any CPU = Release|Any CPU
	EndGlobalSection
	GlobalSection(ProjectConfigurationPlatforms) = postSolution
		{EF220BBE-345F-4B5D-9CC6-8536E133DDE1}.Debug|Any CPU.ActiveCfg = Debug|Any CPU
		{EF220BBE-345F-4B5D-9CC6-8536E133DDE1}.Debug|Any CPU.Build.0 = Debug|Any CPU
		{EF220BBE-345F-4B5D-9CC6-8536E133DDE1}.Release|Any CPU.ActiveCfg = Release|Any CPU
		{EF220BBE-345F-4B5D-9CC6-8536E133DDE1}.Release|Any CPU.Build.0 = Release|Any CPU
	EndGlobalSection
	GlobalSection(SolutionProperties) = preSolution
		HideSolutionNode = FALSE
	EndGlobalSection
	GlobalSection(ExtensibilityGlobals) = postSolution
		SolutionGuid = {BF88CDCB-A533-42D0-9F79-96ED91FD081F}
	EndGlobalSection
EndGlobal
